
Microsoft Visual Studio Solution File, Format Version 12.00
# Visual Studio 15
VisualStudioVersion = 15.0.28307.960
MinimumVisualStudioVersion = 10.0.40219.1
Project("{FAE04EC0-301F-11D3-BF4B-00C04F79EFBC}") = "AgentCreditsTester", "AgentCreditsTester\AgentCreditsTester.csproj", "{6E8AB413-D728-4ED4-8F61-E7726B6C028A}"
EndProject
Project("{FAE04EC0-301F-11D3-BF4B-00C04F79EFBC}") = "AgentCreditsService", "AgentCreditsService\AgentCreditsService.csproj", "{78A060C4-D48D-4A19-BF3B-3841FDDF3F65}"
EndProject
Global
	GlobalSection(SolutionConfigurationPlatforms) = preSolution
		Debug|Any CPU = Debug|Any CPU
		Release|Any CPU = Release|Any CPU
	EndGlobalSection
	GlobalSection(ProjectConfigurationPlatforms) = postSolution
		{6E8AB413-D728-4ED4-8F61-E7726B6C028A}.Debug|Any CPU.ActiveCfg = Debug|Any CPU
		{6E8AB413-D728-4ED4-8F61-E7726B6C028A}.Debug|Any CPU.Build.0 = Debug|Any CPU
		{6E8AB413-D728-4ED4-8F61-E7726B6C028A}.Release|Any CPU.ActiveCfg = Release|Any CPU
		{6E8AB413-D728-4ED4-8F61-E7726B6C028A}.Release|Any CPU.Build.0 = Release|Any CPU
		{78A060C4-D48D-4A19-BF3B-3841FDDF3F65}.Debug|Any CPU.ActiveCfg = Debug|Any CPU
		{78A060C4-D48D-4A19-BF3B-3841FDDF3F65}.Debug|Any CPU.Build.0 = Debug|Any CPU
		{78A060C4-D48D-4A19-BF3B-3841FDDF3F65}.Release|Any CPU.ActiveCfg = Release|Any CPU
		{78A060C4-D48D-4A19-BF3B-3841FDDF3F65}.Release|Any CPU.Build.0 = Release|Any CPU
	EndGlobalSection
	GlobalSection(SolutionProperties) = preSolution
		HideSolutionNode = FALSE
	EndGlobalSection
	GlobalSection(ExtensibilityGlobals) = postSolution
		SolutionGuid = {C4B98B8F-BA22-4E2F-867B-839106C434F5}
	EndGlobalSection
EndGlobal
